// !$*UTF8*$!
{
	archiveVersion = 1;
	classes = {
	};
	objectVersion = 50;
	objects = {

/* Begin PBXBuildFile section */
		B434200924A47D5D00476F9E /* RELAppDelegate.m in Sources */ = {isa = PBXBuildFile; fileRef = B434200824A47D5D00476F9E /* RELAppDelegate.m */; };
		B434201224A47D5D00476F9E /* Main.storyboard in Resources */ = {isa = PBXBuildFile; fileRef = B434201024A47D5D00476F9E /* Main.storyboard */; };
		B434201424A47D5E00476F9E /* Assets.xcassets in Resources */ = {isa = PBXBuildFile; fileRef = B434201324A47D5E00476F9E /* Assets.xcassets */; };
		B434201724A47D5E00476F9E /* LaunchScreen.storyboard in Resources */ = {isa = PBXBuildFile; fileRef = B434201524A47D5E00476F9E /* LaunchScreen.storyboard */; };
		B434201A24A47D5E00476F9E /* main.m in Sources */ = {isa = PBXBuildFile; fileRef = B434201924A47D5E00476F9E /* main.m */; };
		B434202224A4993E00476F9E /* RELReadingListController.m in Sources */ = {isa = PBXBuildFile; fileRef = B434202124A4993E00476F9E /* RELReadingListController.m */; };
		B434202524A49B0F00476F9E /* RELViewBookController.m in Sources */ = {isa = PBXBuildFile; fileRef = B434202424A49B0F00476F9E /* RELViewBookController.m */; };
		B434203224A5842200476F9E /* ReadingListModel.framework in Frameworks */ = {isa = PBXBuildFile; fileRef = B434202B24A5842200476F9E /* ReadingListModel.framework */; };
		B434203324A5842200476F9E /* ReadingListModel.framework in Embed Frameworks */ = {isa = PBXBuildFile; fileRef = B434202B24A5842200476F9E /* ReadingListModel.framework */; settings = {ATTRIBUTES = (CodeSignOnCopy, RemoveHeadersOnCopy, ); }; };
		B434204624A584BB00476F9E /* RLMStoreController.m in Sources */ = {isa = PBXBuildFile; fileRef = B434203824A584BB00476F9E /* RLMStoreController.m */; };
		B434204724A584BB00476F9E /* RLMModelObject.m in Sources */ = {isa = PBXBuildFile; fileRef = B434203924A584BB00476F9E /* RLMModelObject.m */; };
		B434204824A584BB00476F9E /* RLMBook.m in Sources */ = {isa = PBXBuildFile; fileRef = B434203A24A584BB00476F9E /* RLMBook.m */; };
		B434204924A584BB00476F9E /* RLMModelObject.h in Headers */ = {isa = PBXBuildFile; fileRef = B434203B24A584BB00476F9E /* RLMModelObject.h */; settings = {ATTRIBUTES = (Public, ); }; };
		B434204A24A584BB00476F9E /* RLMReadingList.m in Sources */ = {isa = PBXBuildFile; fileRef = B434203C24A584BB00476F9E /* RLMReadingList.m */; };
		B434204B24A584BB00476F9E /* RLMAuthor.m in Sources */ = {isa = PBXBuildFile; fileRef = B434203D24A584BB00476F9E /* RLMAuthor.m */; };
		B434204C24A584BB00476F9E /* NSArray+RLMObjectMapping.m in Sources */ = {isa = PBXBuildFile; fileRef = B434203E24A584BB00476F9E /* NSArray+RLMObjectMapping.m */; };
		B434204D24A584BB00476F9E /* NSArray+RLMObjectMapping.h in Headers */ = {isa = PBXBuildFile; fileRef = B434203F24A584BB00476F9E /* NSArray+RLMObjectMapping.h */; };
		B434204E24A584BB00476F9E /* RLMAuthor.h in Headers */ = {isa = PBXBuildFile; fileRef = B434204024A584BB00476F9E /* RLMAuthor.h */; settings = {ATTRIBUTES = (Public, ); }; };
		B434204F24A584BB00476F9E /* RLMBook.h in Headers */ = {isa = PBXBuildFile; fileRef = B434204124A584BB00476F9E /* RLMBook.h */; settings = {ATTRIBUTES = (Public, ); }; };
		B434205024A584BB00476F9E /* ReadingListModel.h in Headers */ = {isa = PBXBuildFile; fileRef = B434204224A584BB00476F9E /* ReadingListModel.h */; settings = {ATTRIBUTES = (Public, ); }; };
		B434205124A584BB00476F9E /* ReadingList.plist in Resources */ = {isa = PBXBuildFile; fileRef = B434204324A584BB00476F9E /* ReadingList.plist */; };
		B434205224A584BB00476F9E /* RLMReadingList.h in Headers */ = {isa = PBXBuildFile; fileRef = B434204424A584BB00476F9E /* RLMReadingList.h */; settings = {ATTRIBUTES = (Public, ); }; };
		B434205324A584BB00476F9E /* RLMStoreController.h in Headers */ = {isa = PBXBuildFile; fileRef = B434204524A584BB00476F9E /* RLMStoreController.h */; settings = {ATTRIBUTES = (Public, ); }; };
/* End PBXBuildFile section */

/* Begin PBXContainerItemProxy section */
		B434203024A5842200476F9E /* PBXContainerItemProxy */ = {
			isa = PBXContainerItemProxy;
			containerPortal = B4341FFC24A47D5D00476F9E /* Project object */;
			proxyType = 1;
			remoteGlobalIDString = B434202A24A5842200476F9E;
			remoteInfo = ReadingListModel;
		};
/* End PBXContainerItemProxy section */

/* Begin PBXCopyFilesBuildPhase section */
		B434203724A5842300476F9E /* Embed Frameworks */ = {
			isa = PBXCopyFilesBuildPhase;
			buildActionMask = 2147483647;
			dstPath = "";
			dstSubfolderSpec = 10;
			files = (
				B434203324A5842200476F9E /* ReadingListModel.framework in Embed Frameworks */,
			);
			name = "Embed Frameworks";
			runOnlyForDeploymentPostprocessing = 0;
		};
/* End PBXCopyFilesBuildPhase section */

/* Begin PBXFileReference section */
		B434200424A47D5D00476F9E /* ReadingList.app */ = {isa = PBXFileReference; explicitFileType = wrapper.application; includeInIndex = 0; path = ReadingList.app; sourceTree = BUILT_PRODUCTS_DIR; };
		B434200724A47D5D00476F9E /* RELAppDelegate.h */ = {isa = PBXFileReference; lastKnownFileType = sourcecode.c.h; path = RELAppDelegate.h; sourceTree = "<group>"; };
		B434200824A47D5D00476F9E /* RELAppDelegate.m */ = {isa = PBXFileReference; lastKnownFileType = sourcecode.c.objc; path = RELAppDelegate.m; sourceTree = "<group>"; };
		B434201124A47D5D00476F9E /* Base */ = {isa = PBXFileReference; lastKnownFileType = file.storyboard; name = Base; path = Base.lproj/Main.storyboard; sourceTree = "<group>"; };
		B434201324A47D5E00476F9E /* Assets.xcassets */ = {isa = PBXFileReference; lastKnownFileType = folder.assetcatalog; path = Assets.xcassets; sourceTree = "<group>"; };
		B434201624A47D5E00476F9E /* Base */ = {isa = PBXFileReference; lastKnownFileType = file.storyboard; name = Base; path = Base.lproj/LaunchScreen.storyboard; sourceTree = "<group>"; };
		B434201824A47D5E00476F9E /* Info.plist */ = {isa = PBXFileReference; lastKnownFileType = text.plist.xml; path = Info.plist; sourceTree = "<group>"; };
		B434201924A47D5E00476F9E /* main.m */ = {isa = PBXFileReference; lastKnownFileType = sourcecode.c.objc; path = main.m; sourceTree = "<group>"; };
		B434202024A4993E00476F9E /* RELReadingListController.h */ = {isa = PBXFileReference; lastKnownFileType = sourcecode.c.h; path = RELReadingListController.h; sourceTree = "<group>"; };
		B434202124A4993E00476F9E /* RELReadingListController.m */ = {isa = PBXFileReference; lastKnownFileType = sourcecode.c.objc; path = RELReadingListController.m; sourceTree = "<group>"; };
		B434202324A49B0F00476F9E /* RELViewBookController.h */ = {isa = PBXFileReference; lastKnownFileType = sourcecode.c.h; path = RELViewBookController.h; sourceTree = "<group>"; };
		B434202424A49B0F00476F9E /* RELViewBookController.m */ = {isa = PBXFileReference; lastKnownFileType = sourcecode.c.objc; path = RELViewBookController.m; sourceTree = "<group>"; };
		B434202B24A5842200476F9E /* ReadingListModel.framework */ = {isa = PBXFileReference; explicitFileType = wrapper.framework; includeInIndex = 0; path = ReadingListModel.framework; sourceTree = BUILT_PRODUCTS_DIR; };
		B434202E24A5842200476F9E /* Info.plist */ = {isa = PBXFileReference; lastKnownFileType = text.plist.xml; path = Info.plist; sourceTree = "<group>"; };
		B434203824A584BB00476F9E /* RLMStoreController.m */ = {isa = PBXFileReference; fileEncoding = 4; lastKnownFileType = sourcecode.c.objc; path = RLMStoreController.m; sourceTree = "<group>"; };
		B434203924A584BB00476F9E /* RLMModelObject.m */ = {isa = PBXFileReference; fileEncoding = 4; lastKnownFileType = sourcecode.c.objc; path = RLMModelObject.m; sourceTree = "<group>"; };
		B434203A24A584BB00476F9E /* RLMBook.m */ = {isa = PBXFileReference; fileEncoding = 4; lastKnownFileType = sourcecode.c.objc; path = RLMBook.m; sourceTree = "<group>"; };
		B434203B24A584BB00476F9E /* RLMModelObject.h */ = {isa = PBXFileReference; fileEncoding = 4; lastKnownFileType = sourcecode.c.h; path = RLMModelObject.h; sourceTree = "<group>"; };
		B434203C24A584BB00476F9E /* RLMReadingList.m */ = {isa = PBXFileReference; fileEncoding = 4; lastKnownFileType = sourcecode.c.objc; path = RLMReadingList.m; sourceTree = "<group>"; };
		B434203D24A584BB00476F9E /* RLMAuthor.m */ = {isa = PBXFileReference; fileEncoding = 4; lastKnownFileType = sourcecode.c.objc; path = RLMAuthor.m; sourceTree = "<group>"; };
		B434203E24A584BB00476F9E /* NSArray+RLMObjectMapping.m */ = {isa = PBXFileReference; fileEncoding = 4; lastKnownFileType = sourcecode.c.objc; path = "NSArray+RLMObjectMapping.m"; sourceTree = "<group>"; };
		B434203F24A584BB00476F9E /* NSArray+RLMObjectMapping.h */ = {isa = PBXFileReference; fileEncoding = 4; lastKnownFileType = sourcecode.c.h; path = "NSArray+RLMObjectMapping.h"; sourceTree = "<group>"; };
		B434204024A584BB00476F9E /* RLMAuthor.h */ = {isa = PBXFileReference; fileEncoding = 4; lastKnownFileType = sourcecode.c.h; path = RLMAuthor.h; sourceTree = "<group>"; };
		B434204124A584BB00476F9E /* RLMBook.h */ = {isa = PBXFileReference; fileEncoding = 4; lastKnownFileType = sourcecode.c.h; path = RLMBook.h; sourceTree = "<group>"; };
		B434204224A584BB00476F9E /* ReadingListModel.h */ = {isa = PBXFileReference; fileEncoding = 4; lastKnownFileType = sourcecode.c.h; path = ReadingListModel.h; sourceTree = "<group>"; };
		B434204324A584BB00476F9E /* ReadingList.plist */ = {isa = PBXFileReference; lastKnownFileType = text.plist; path = ReadingList.plist; sourceTree = "<group>"; };
		B434204424A584BB00476F9E /* RLMReadingList.h */ = {isa = PBXFileReference; fileEncoding = 4; lastKnownFileType = sourcecode.c.h; path = RLMReadingList.h; sourceTree = "<group>"; };
		B434204524A584BB00476F9E /* RLMStoreController.h */ = {isa = PBXFileReference; fileEncoding = 4; lastKnownFileType = sourcecode.c.h; path = RLMStoreController.h; sourceTree = "<group>"; };
/* End PBXFileReference section */

/* Begin PBXFrameworksBuildPhase section */
		B434200124A47D5D00476F9E /* Frameworks */ = {
			isa = PBXFrameworksBuildPhase;
			buildActionMask = 2147483647;
			files = (
				B434203224A5842200476F9E /* ReadingListModel.framework in Frameworks */,
			);
			runOnlyForDeploymentPostprocessing = 0;
		};
		B434202824A5842200476F9E /* Frameworks */ = {
			isa = PBXFrameworksBuildPhase;
			buildActionMask = 2147483647;
			files = (
			);
			runOnlyForDeploymentPostprocessing = 0;
		};
/* End PBXFrameworksBuildPhase section */

/* Begin PBXGroup section */
		B4341FFB24A47D5D00476F9E = {
			isa = PBXGroup;
			children = (
				B434200624A47D5D00476F9E /* ReadingList */,
				B434202C24A5842200476F9E /* ReadingListModel */,
				B434200524A47D5D00476F9E /* Products */,
			);
			sourceTree = "<group>";
		};
		B434200524A47D5D00476F9E /* Products */ = {
			isa = PBXGroup;
			children = (
				B434200424A47D5D00476F9E /* ReadingList.app */,
				B434202B24A5842200476F9E /* ReadingListModel.framework */,
			);
			name = Products;
			sourceTree = "<group>";
		};
		B434200624A47D5D00476F9E /* ReadingList */ = {
			isa = PBXGroup;
			children = (
				B434200724A47D5D00476F9E /* RELAppDelegate.h */,
				B434200824A47D5D00476F9E /* RELAppDelegate.m */,
				B434202024A4993E00476F9E /* RELReadingListController.h */,
				B434202124A4993E00476F9E /* RELReadingListController.m */,
				B434202324A49B0F00476F9E /* RELViewBookController.h */,
				B434202424A49B0F00476F9E /* RELViewBookController.m */,
				B434201024A47D5D00476F9E /* Main.storyboard */,
				B434201324A47D5E00476F9E /* Assets.xcassets */,
				B434201524A47D5E00476F9E /* LaunchScreen.storyboard */,
				B434201824A47D5E00476F9E /* Info.plist */,
				B434201924A47D5E00476F9E /* main.m */,
			);
			path = ReadingList;
			sourceTree = "<group>";
		};
		B434202C24A5842200476F9E /* ReadingListModel */ = {
			isa = PBXGroup;
			children = (
				B434204224A584BB00476F9E /* ReadingListModel.h */,
				B434203F24A584BB00476F9E /* NSArray+RLMObjectMapping.h */,
				B434203E24A584BB00476F9E /* NSArray+RLMObjectMapping.m */,
				B434204324A584BB00476F9E /* ReadingList.plist */,
				B434204024A584BB00476F9E /* RLMAuthor.h */,
				B434203D24A584BB00476F9E /* RLMAuthor.m */,
				B434204124A584BB00476F9E /* RLMBook.h */,
				B434203A24A584BB00476F9E /* RLMBook.m */,
				B434203B24A584BB00476F9E /* RLMModelObject.h */,
				B434203924A584BB00476F9E /* RLMModelObject.m */,
				B434204424A584BB00476F9E /* RLMReadingList.h */,
				B434203C24A584BB00476F9E /* RLMReadingList.m */,
				B434204524A584BB00476F9E /* RLMStoreController.h */,
				B434203824A584BB00476F9E /* RLMStoreController.m */,
				B434202E24A5842200476F9E /* Info.plist */,
			);
			path = ReadingListModel;
			sourceTree = "<group>";
		};
/* End PBXGroup section */

/* Begin PBXHeadersBuildPhase section */
		B434202624A5842200476F9E /* Headers */ = {
			isa = PBXHeadersBuildPhase;
			buildActionMask = 2147483647;
			files = (
				B434204E24A584BB00476F9E /* RLMAuthor.h in Headers */,
				B434205224A584BB00476F9E /* RLMReadingList.h in Headers */,
				B434204F24A584BB00476F9E /* RLMBook.h in Headers */,
				B434205324A584BB00476F9E /* RLMStoreController.h in Headers */,
				B434204924A584BB00476F9E /* RLMModelObject.h in Headers */,
				B434205024A584BB00476F9E /* ReadingListModel.h in Headers */,
				B434204D24A584BB00476F9E /* NSArray+RLMObjectMapping.h in Headers */,
			);
			runOnlyForDeploymentPostprocessing = 0;
		};
/* End PBXHeadersBuildPhase section */

/* Begin PBXNativeTarget section */
		B434200324A47D5D00476F9E /* ReadingList */ = {
			isa = PBXNativeTarget;
			buildConfigurationList = B434201D24A47D5E00476F9E /* Build configuration list for PBXNativeTarget "ReadingList" */;
			buildPhases = (
				B434200024A47D5D00476F9E /* Sources */,
				B434200124A47D5D00476F9E /* Frameworks */,
				B434200224A47D5D00476F9E /* Resources */,
				B434203724A5842300476F9E /* Embed Frameworks */,
			);
			buildRules = (
			);
			dependencies = (
				B434203124A5842200476F9E /* PBXTargetDependency */,
			);
			name = ReadingList;
			productName = ReadingList;
			productReference = B434200424A47D5D00476F9E /* ReadingList.app */;
			productType = "com.apple.product-type.application";
		};
		B434202A24A5842200476F9E /* ReadingListModel */ = {
			isa = PBXNativeTarget;
			buildConfigurationList = B434203424A5842300476F9E /* Build configuration list for PBXNativeTarget "ReadingListModel" */;
			buildPhases = (
				B434202624A5842200476F9E /* Headers */,
				B434202724A5842200476F9E /* Sources */,
				B434202824A5842200476F9E /* Frameworks */,
				B434202924A5842200476F9E /* Resources */,
			);
			buildRules = (
			);
			dependencies = (
			);
			name = ReadingListModel;
			productName = ReadingListModel;
			productReference = B434202B24A5842200476F9E /* ReadingListModel.framework */;
			productType = "com.apple.product-type.framework";
		};
/* End PBXNativeTarget section */

/* Begin PBXProject section */
		B4341FFC24A47D5D00476F9E /* Project object */ = {
			isa = PBXProject;
			attributes = {
				LastUpgradeCheck = 1150;
				ORGANIZATIONNAME = "About Objects";
				TargetAttributes = {
					B434200324A47D5D00476F9E = {
						CreatedOnToolsVersion = 11.5;
					};
					B434202A24A5842200476F9E = {
						CreatedOnToolsVersion = 11.5;
					};
				};
			};
			buildConfigurationList = B4341FFF24A47D5D00476F9E /* Build configuration list for PBXProject "ReadingList" */;
			compatibilityVersion = "Xcode 9.3";
			developmentRegion = en;
			hasScannedForEncodings = 0;
			knownRegions = (
				en,
				Base,
			);
			mainGroup = B4341FFB24A47D5D00476F9E;
			productRefGroup = B434200524A47D5D00476F9E /* Products */;
			projectDirPath = "";
			projectRoot = "";
			targets = (
				B434200324A47D5D00476F9E /* ReadingList */,
				B434202A24A5842200476F9E /* ReadingListModel */,
			);
		};
/* End PBXProject section */

/* Begin PBXResourcesBuildPhase section */
		B434200224A47D5D00476F9E /* Resources */ = {
			isa = PBXResourcesBuildPhase;
			buildActionMask = 2147483647;
			files = (
				B434201724A47D5E00476F9E /* LaunchScreen.storyboard in Resources */,
				B434201424A47D5E00476F9E /* Assets.xcassets in Resources */,
				B434201224A47D5D00476F9E /* Main.storyboard in Resources */,
			);
			runOnlyForDeploymentPostprocessing = 0;
		};
		B434202924A5842200476F9E /* Resources */ = {
			isa = PBXResourcesBuildPhase;
			buildActionMask = 2147483647;
			files = (
				B434205124A584BB00476F9E /* ReadingList.plist in Resources */,
			);
			runOnlyForDeploymentPostprocessing = 0;
		};
/* End PBXResourcesBuildPhase section */

/* Begin PBXSourcesBuildPhase section */
		B434200024A47D5D00476F9E /* Sources */ = {
			isa = PBXSourcesBuildPhase;
			buildActionMask = 2147483647;
			files = (
				B434200924A47D5D00476F9E /* RELAppDelegate.m in Sources */,
				B434202224A4993E00476F9E /* RELReadingListController.m in Sources */,
				B434201A24A47D5E00476F9E /* main.m in Sources */,
				B434202524A49B0F00476F9E /* RELViewBookController.m in Sources */,
			);
			runOnlyForDeploymentPostprocessing = 0;
		};
		B434202724A5842200476F9E /* Sources */ = {
			isa = PBXSourcesBuildPhase;
			buildActionMask = 2147483647;
			files = (
				B434204A24A584BB00476F9E /* RLMReadingList.m in Sources */,
				B434204B24A584BB00476F9E /* RLMAuthor.m in Sources */,
				B434204724A584BB00476F9E /* RLMModelObject.m in Sources */,
				B434204624A584BB00476F9E /* RLMStoreController.m in Sources */,
				B434204C24A584BB00476F9E /* NSArray+RLMObjectMapping.m in Sources */,
				B434204824A584BB00476F9E /* RLMBook.m in Sources */,
			);
			runOnlyForDeploymentPostprocessing = 0;
		};
/* End PBXSourcesBuildPhase section */

/* Begin PBXTargetDependency section */
		B434203124A5842200476F9E /* PBXTargetDependency */ = {
			isa = PBXTargetDependency;
			target = B434202A24A5842200476F9E /* ReadingListModel */;
			targetProxy = B434203024A5842200476F9E /* PBXContainerItemProxy */;
		};
/* End PBXTargetDependency section */

/* Begin PBXVariantGroup section */
		B434201024A47D5D00476F9E /* Main.storyboard */ = {
			isa = PBXVariantGroup;
			children = (
				B434201124A47D5D00476F9E /* Base */,
			);
			name = Main.storyboard;
			sourceTree = "<group>";
		};
		B434201524A47D5E00476F9E /* LaunchScreen.storyboard */ = {
			isa = PBXVariantGroup;
			children = (
				B434201624A47D5E00476F9E /* Base */,
			);
			name = LaunchScreen.storyboard;
			sourceTree = "<group>";
		};
/* End PBXVariantGroup section */

/* Begin XCBuildConfiguration section */
		B434201B24A47D5E00476F9E /* Debug */ = {
			isa = XCBuildConfiguration;
			buildSettings = {
				ALWAYS_SEARCH_USER_PATHS = NO;
				CLANG_ANALYZER_NONNULL = YES;
				CLANG_ANALYZER_NUMBER_OBJECT_CONVERSION = YES_AGGRESSIVE;
				CLANG_CXX_LANGUAGE_STANDARD = "gnu++14";
				CLANG_CXX_LIBRARY = "libc++";
				CLANG_ENABLE_MODULES = YES;
				CLANG_ENABLE_OBJC_ARC = YES;
				CLANG_ENABLE_OBJC_WEAK = YES;
				CLANG_WARN_BLOCK_CAPTURE_AUTORELEASING = YES;
				CLANG_WARN_BOOL_CONVERSION = YES;
				CLANG_WARN_COMMA = YES;
				CLANG_WARN_CONSTANT_CONVERSION = YES;
				CLANG_WARN_DEPRECATED_OBJC_IMPLEMENTATIONS = YES;
				CLANG_WARN_DIRECT_OBJC_ISA_USAGE = YES_ERROR;
				CLANG_WARN_DOCUMENTATION_COMMENTS = YES;
				CLANG_WARN_EMPTY_BODY = YES;
				CLANG_WARN_ENUM_CONVERSION = YES;
				CLANG_WARN_INFINITE_RECURSION = YES;
				CLANG_WARN_INT_CONVERSION = YES;
				CLANG_WARN_NON_LITERAL_NULL_CONVERSION = YES;
				CLANG_WARN_OBJC_IMPLICIT_RETAIN_SELF = YES;
				CLANG_WARN_OBJC_LITERAL_CONVERSION = YES;
				CLANG_WARN_OBJC_ROOT_CLASS = YES_ERROR;
				CLANG_WARN_RANGE_LOOP_ANALYSIS = YES;
				CLANG_WARN_STRICT_PROTOTYPES = YES;
				CLANG_WARN_SUSPICIOUS_MOVE = YES;
				CLANG_WARN_UNGUARDED_AVAILABILITY = YES_AGGRESSIVE;
				CLANG_WARN_UNREACHABLE_CODE = YES;
				CLANG_WARN__DUPLICATE_METHOD_MATCH = YES;
				COPY_PHASE_STRIP = NO;
				DEBUG_INFORMATION_FORMAT = dwarf;
				ENABLE_STRICT_OBJC_MSGSEND = YES;
				ENABLE_TESTABILITY = YES;
				GCC_C_LANGUAGE_STANDARD = gnu11;
				GCC_DYNAMIC_NO_PIC = NO;
				GCC_NO_COMMON_BLOCKS = YES;
				GCC_OPTIMIZATION_LEVEL = 0;
				GCC_PREPROCESSOR_DEFINITIONS = (
					"DEBUG=1",
					"$(inherited)",
				);
				GCC_WARN_64_TO_32_BIT_CONVERSION = YES;
				GCC_WARN_ABOUT_RETURN_TYPE = YES_ERROR;
				GCC_WARN_UNDECLARED_SELECTOR = YES;
				GCC_WARN_UNINITIALIZED_AUTOS = YES_AGGRESSIVE;
				GCC_WARN_UNUSED_FUNCTION = YES;
				GCC_WARN_UNUSED_VARIABLE = YES;
				IPHONEOS_DEPLOYMENT_TARGET = 13.0;
				MTL_ENABLE_DEBUG_INFO = INCLUDE_SOURCE;
				MTL_FAST_MATH = YES;
				ONLY_ACTIVE_ARCH = YES;
				SDKROOT = iphoneos;
			};
			name = Debug;
		};
		B434201C24A47D5E00476F9E /* Release */ = {
			isa = XCBuildConfiguration;
			buildSettings = {
				ALWAYS_SEARCH_USER_PATHS = NO;
				CLANG_ANALYZER_NONNULL = YES;
				CLANG_ANALYZER_NUMBER_OBJECT_CONVERSION = YES_AGGRESSIVE;
				CLANG_CXX_LANGUAGE_STANDARD = "gnu++14";
				CLANG_CXX_LIBRARY = "libc++";
				CLANG_ENABLE_MODULES = YES;
				CLANG_ENABLE_OBJC_ARC = YES;
				CLANG_ENABLE_OBJC_WEAK = YES;
				CLANG_WARN_BLOCK_CAPTURE_AUTORELEASING = YES;
				CLANG_WARN_BOOL_CONVERSION = YES;
				CLANG_WARN_COMMA = YES;
				CLANG_WARN_CONSTANT_CONVERSION = YES;
				CLANG_WARN_DEPRECATED_OBJC_IMPLEMENTATIONS = YES;
				CLANG_WARN_DIRECT_OBJC_ISA_USAGE = YES_ERROR;
				CLANG_WARN_DOCUMENTATION_COMMENTS = YES;
				CLANG_WARN_EMPTY_BODY = YES;
				CLANG_WARN_ENUM_CONVERSION = YES;
				CLANG_WARN_INFINITE_RECURSION = YES;
				CLANG_WARN_INT_CONVERSION = YES;
				CLANG_WARN_NON_LITERAL_NULL_CONVERSION = YES;
				CLANG_WARN_OBJC_IMPLICIT_RETAIN_SELF = YES;
				CLANG_WARN_OBJC_LITERAL_CONVERSION = YES;
				CLANG_WARN_OBJC_ROOT_CLASS = YES_ERROR;
				CLANG_WARN_RANGE_LOOP_ANALYSIS = YES;
				CLANG_WARN_STRICT_PROTOTYPES = YES;
				CLANG_WARN_SUSPICIOUS_MOVE = YES;
				CLANG_WARN_UNGUARDED_AVAILABILITY = YES_AGGRESSIVE;
				CLANG_WARN_UNREACHABLE_CODE = YES;
				CLANG_WARN__DUPLICATE_METHOD_MATCH = YES;
				COPY_PHASE_STRIP = NO;
				DEBUG_INFORMATION_FORMAT = "dwarf-with-dsym";
				ENABLE_NS_ASSERTIONS = NO;
				ENABLE_STRICT_OBJC_MSGSEND = YES;
				GCC_C_LANGUAGE_STANDARD = gnu11;
				GCC_NO_COMMON_BLOCKS = YES;
				GCC_WARN_64_TO_32_BIT_CONVERSION = YES;
				GCC_WARN_ABOUT_RETURN_TYPE = YES_ERROR;
				GCC_WARN_UNDECLARED_SELECTOR = YES;
				GCC_WARN_UNINITIALIZED_AUTOS = YES_AGGRESSIVE;
				GCC_WARN_UNUSED_FUNCTION = YES;
				GCC_WARN_UNUSED_VARIABLE = YES;
				IPHONEOS_DEPLOYMENT_TARGET = 13.0;
				MTL_ENABLE_DEBUG_INFO = NO;
				MTL_FAST_MATH = YES;
				SDKROOT = iphoneos;
				VALIDATE_PRODUCT = YES;
			};
			name = Release;
		};
		B434201E24A47D5E00476F9E /* Debug */ = {
			isa = XCBuildConfiguration;
			buildSettings = {
				ASSETCATALOG_COMPILER_APPICON_NAME = AppIcon;
				CODE_SIGN_STYLE = Automatic;
				INFOPLIST_FILE = ReadingList/Info.plist;
				LD_RUNPATH_SEARCH_PATHS = (
					"$(inherited)",
					"@executable_path/Frameworks",
				);
				PRODUCT_BUNDLE_IDENTIFIER = com.aboutobjects.training.ReadingList;
				PRODUCT_NAME = "$(TARGET_NAME)";
				TARGETED_DEVICE_FAMILY = "1,2";
			};
			name = Debug;
		};
		B434201F24A47D5E00476F9E /* Release */ = {
			isa = XCBuildConfiguration;
			buildSettings = {
				ASSETCATALOG_COMPILER_APPICON_NAME = AppIcon;
				CODE_SIGN_STYLE = Automatic;
				INFOPLIST_FILE = ReadingList/Info.plist;
				LD_RUNPATH_SEARCH_PATHS = (
					"$(inherited)",
					"@executable_path/Frameworks",
				);
				PRODUCT_BUNDLE_IDENTIFIER = com.aboutobjects.training.ReadingList;
				PRODUCT_NAME = "$(TARGET_NAME)";
				TARGETED_DEVICE_FAMILY = "1,2";
			};
			name = Release;
		};
		B434203524A5842300476F9E /* Debug */ = {
			isa = XCBuildConfiguration;
			buildSettings = {
				CODE_SIGN_STYLE = Automatic;
				CURRENT_PROJECT_VERSION = 1;
				DEFINES_MODULE = YES;
				DYLIB_COMPATIBILITY_VERSION = 1;
				DYLIB_CURRENT_VERSION = 1;
				DYLIB_INSTALL_NAME_BASE = "@rpath";
				INFOPLIST_FILE = ReadingListModel/Info.plist;
				INSTALL_PATH = "$(LOCAL_LIBRARY_DIR)/Frameworks";
				IPHONEOS_DEPLOYMENT_TARGET = 13.5;
				LD_RUNPATH_SEARCH_PATHS = (
					"$(inherited)",
					"@executable_path/Frameworks",
					"@loader_path/Frameworks",
				);
				PRODUCT_BUNDLE_IDENTIFIER = com.aboutobjects.training.ReadingListModel;
				PRODUCT_NAME = "$(TARGET_NAME:c99extidentifier)";
				SKIP_INSTALL = YES;
				TARGETED_DEVICE_FAMILY = "1,2";
				VERSIONING_SYSTEM = "apple-generic";
				VERSION_INFO_PREFIX = "";
			};
			name = Debug;
		};
		B434203624A5842300476F9E /* Release */ = {
			isa = XCBuildConfiguration;
			buildSettings = {
				CODE_SIGN_STYLE = Automatic;
				CURRENT_PROJECT_VERSION = 1;
				DEFINES_MODULE = YES;
				DYLIB_COMPATIBILITY_VERSION = 1;
				DYLIB_CURRENT_VERSION = 1;
				DYLIB_INSTALL_NAME_BASE = "@rpath";
				INFOPLIST_FILE = ReadingListModel/Info.plist;
				INSTALL_PATH = "$(LOCAL_LIBRARY_DIR)/Frameworks";
				IPHONEOS_DEPLOYMENT_TARGET = 13.5;
				LD_RUNPATH_SEARCH_PATHS = (
					"$(inherited)",
					"@executable_path/Frameworks",
					"@loader_path/Frameworks",
				);
				PRODUCT_BUNDLE_IDENTIFIER = com.aboutobjects.training.ReadingListModel;
				PRODUCT_NAME = "$(TARGET_NAME:c99extidentifier)";
				SKIP_INSTALL = YES;
				TARGETED_DEVICE_FAMILY = "1,2";
				VERSIONING_SYSTEM = "apple-generic";
				VERSION_INFO_PREFIX = "";
			};
			name = Release;
		};
/* End XCBuildConfiguration section */

/* Begin XCConfigurationList section */
		B4341FFF24A47D5D00476F9E /* Build configuration list for PBXProject "ReadingList" */ = {
			isa = XCConfigurationList;
			buildConfigurations = (
				B434201B24A47D5E00476F9E /* Debug */,
				B434201C24A47D5E00476F9E /* Release */,
			);
			defaultConfigurationIsVisible = 0;
			defaultConfigurationName = Release;
		};
		B434201D24A47D5E00476F9E /* Build configuration list for PBXNativeTarget "ReadingList" */ = {
			isa = XCConfigurationList;
			buildConfigurations = (
				B434201E24A47D5E00476F9E /* Debug */,
				B434201F24A47D5E00476F9E /* Release */,
			);
			defaultConfigurationIsVisible = 0;
			defaultConfigurationName = Release;
		};
		B434203424A5842300476F9E /* Build configuration list for PBXNativeTarget "ReadingListModel" */ = {
			isa = XCConfigurationList;
			buildConfigurations = (
				B434203524A5842300476F9E /* Debug */,
				B434203624A5842300476F9E /* Release */,
			);
			defaultConfigurationIsVisible = 0;
			defaultConfigurationName = Release;
		};
/* End XCConfigurationList section */
	};
	rootObject = B4341FFC24A47D5D00476F9E /* Project object */;
}
